{
  "requires": true,
  "lockfileVersion": 1,
  "dependencies": {
    "classlist-polyfill": {
      "version": "1.2.0",
      "resolved": "https://registry.npmjs.org/classlist-polyfill/-/classlist-polyfill-1.2.0.tgz",
      "integrity": "sha1-k1vC39lFiodrJ5YXUUY4vKqWSi4="
    },
    "gsap": {
      "version": "3.3.3",
      "resolved": "https://registry.npmjs.org/gsap/-/gsap-3.3.3.tgz",
      "integrity": "sha512-89D0Av+UIajcfzEUeZFl1h87dJc0xVIvbJ05+wVbH3ernHzZiupb7CxWXpxxo652jZfmsjwM3jyc8bh089dKUg=="
    },
    "lodash.debounce": {
      "version": "4.0.8",
      "resolved": "https://registry.npmjs.org/lodash.debounce/-/lodash.debounce-4.0.8.tgz",
      "integrity": "sha1-gteb/zCmfEAF/9XiUVMArZyk168="
    },
    "lodash.throttle": {
      "version": "4.1.1",
      "resolved": "https://registry.npmjs.org/lodash.throttle/-/lodash.throttle-4.1.1.tgz",
      "integrity": "sha1-wj6RtxAkKscMN/HhzaknTMOb8vQ="
    }
  }
}
